# This file may be used to create an environment using:
# $ conda create --name <env> --file <this file>
# platform: linux-64
@EXPLICIT
https://conda.anaconda.org/conda-forge/linux-64/llvm-openmp-20.1.8-h4922eb0_1.conda#5d5099916a3659a46cca8f974d0455b9
https://conda.anaconda.org/conda-forge/linux-64/_openmp_mutex-4.5-3_kmp_llvm.conda#ee5c2118262e30b972bc0b4db8ef0ba5
https://conda.anaconda.org/conda-forge/linux-64/libgcc-15.1.0-h767d61c_4.conda#f406dcbb2e7bef90d793e50e79a2882b
https://conda.anaconda.org/conda-forge/linux-64/libgcc-ng-15.1.0-h69a702a_4.conda#28771437ffcd9f3417c66012dc49a3be
https://conda.anaconda.org/conda-forge/linux-64/libstdcxx-15.1.0-h8f9b012_4.conda#3c376af8888c386b9d3d1c2701e2f3ab
https://conda.anaconda.org/conda-forge/linux-64/libstdcxx-ng-15.1.0-h4852527_4.conda#2d34729cbc1da0ec988e57b13b712067
https://conda.anaconda.org/conda-forge/linux-64/aom-3.9.1-hac33072_0.conda#346722a0be40f6edc53f12640d301338
https://conda.anaconda.org/conda-forge/linux-64/bzip2-1.0.8-h4bc722e_7.conda#62ee74e96c5ebb0af99386de58cf9553
https://conda.anaconda.org/conda-forge/noarch/ca-certificates-2025.8.3-hbd8a1cb_0.conda#74784ee3d225fc3dca89edb635b4e5cc
https://conda.anaconda.org/conda-forge/linux-64/ld_impl_linux-64-2.44-h1423503_1.conda#0be7c6e070c19105f966d3758448d018
https://conda.anaconda.org/conda-forge/linux-64/libexpat-2.7.1-hecca717_0.conda#4211416ecba1866fab0c6470986c22d6
https://conda.anaconda.org/conda-forge/linux-64/libffi-3.4.6-h2dba641_1.conda#ede4673863426c0883c0063d853bbd85
https://conda.anaconda.org/conda-forge/linux-64/liblzma-5.8.1-hb9d3cd8_2.conda#1a580f7796c7bf6393fddb8bbbde58dc
https://conda.anaconda.org/conda-forge/linux-64/libnsl-2.0.1-hb9d3cd8_1.conda#d864d34357c3b65a4b731f78c0801dc4
https://conda.anaconda.org/conda-forge/linux-64/libzlib-1.3.1-hb9d3cd8_2.conda#edb0dca6bc32e4f4789199455a1dbeb8
https://conda.anaconda.org/conda-forge/linux-64/libsqlite-3.50.4-h0c1763c_0.conda#0b367fad34931cb79e0d6b7e5c06bb1c
https://conda.anaconda.org/conda-forge/linux-64/libuuid-2.38.1-h0b41bf4_0.conda#40b61aab5c7ba9ff276c41cfffe6b80b
https://conda.anaconda.org/conda-forge/linux-64/libxcrypt-4.4.36-hd590300_1.conda#5aa797f8787fe7a17d1b0821485b5adc
https://conda.anaconda.org/conda-forge/linux-64/ncurses-6.5-h2d0b736_3.conda#47e340acb35de30501a76c7c799c41d7
https://conda.anaconda.org/conda-forge/linux-64/openssl-3.5.1-h7b32b05_0.conda#c87df2ab1448ba69169652ab9547082d
https://conda.anaconda.org/conda-forge/linux-64/readline-8.2-h8c095d6_2.conda#283b96675859b20a825f8fa30f311446
https://conda.anaconda.org/conda-forge/linux-64/tk-8.6.13-noxft_hd72426e_102.conda#a0116df4f4ed05c303811a837d5b39d8
https://conda.anaconda.org/conda-forge/noarch/tzdata-2025b-h78e105d_0.conda#4222072737ccff51314b5ece9c7d6f5a
https://conda.anaconda.org/conda-forge/linux-64/python-3.12.11-h9e4cc4f_0_cpython.conda#94206474a5608243a10c92cefbe0908f
https://conda.anaconda.org/conda-forge/noarch/python_abi-3.12-8_cp312.conda#c3efd25ac4d74b1584d2f7a57195ddf1
https://conda.anaconda.org/conda-forge/noarch/cpython-3.12.11-py312hd8ed1ab_0.conda#e5279009e7a7f7edd3cd2880c502b3cc
https://conda.anaconda.org/nvidia/noarch/cuda-version-12.9-3.conda#40969c18662ba1d35292e70e8545ce90
https://conda.anaconda.org/nvidia/linux-64/cuda-crt-tools-12.9.86-0.conda#ce820662fcc4d71e8d9ca25d74bb87fd
https://conda.anaconda.org/nvidia/noarch/cuda-cudart_linux-64-12.9.79-0.conda#b57936ca7e409053b5d325ac2f1b7b2f
https://conda.anaconda.org/nvidia/linux-64/cuda-cudart-12.9.79-0.conda#57407109c2f355b53d4ca9b7e88cd77b
https://conda.anaconda.org/nvidia/linux-64/cuda-nvdisasm-12.9.88-1.conda#721ec74aff0cc0de99acbb65bf42d903
https://conda.anaconda.org/nvidia/linux-64/cuda-cuobjdump-12.9.82-1.conda#5ba25de243f2208dcf9db6e76d7eda40
https://conda.anaconda.org/nvidia/linux-64/cuda-cupti-12.9.79-0.conda#256ad7f05454c8b7c7bd7c3245a00ee4
https://conda.anaconda.org/nvidia/linux-64/cuda-nvvm-tools-12.9.86-0.conda#bb82494b32a7984e8e99e7199a3f7c1e
https://conda.anaconda.org/nvidia/linux-64/cuda-nvcc-tools-12.9.86-0.conda#615fd0779a86d0689646116d239f57ab
https://conda.anaconda.org/nvidia/linux-64/cuda-nvrtc-12.9.86-0.conda#7b70b28986e13d88cb3d94209c0b215c
https://conda.anaconda.org/nvidia/linux-64/cuda-nvtx-12.9.79-0.conda#fd5b5f7d3a665bce833a4d0e38323c59
https://conda.anaconda.org/nvidia/linux-64/libcublas-12.9.1.4-0.conda#21c21de732ef68ff609bf9257674f95a
https://conda.anaconda.org/conda-forge/linux-64/libcudnn-9.10.1.4-hf7e9902_1.conda#5a7a6c122c6c0fd02ba79acdbc1db835
https://conda.anaconda.org/conda-forge/linux-64/libcudnn-dev-9.10.1.4-h58dd1b1_1.conda#b6ca81583e20611b7f748de30b8d2deb
https://conda.anaconda.org/conda-forge/linux-64/cudnn-9.10.1.4-hbcb9cd8_1.conda#196d27419be0b3c06a5dd0ae15bdc141
https://conda.anaconda.org/conda-forge/linux-64/dav1d-1.2.1-hd590300_0.conda#418c6ca5929a611cbd69204907a83995
https://conda.anaconda.org/conda-forge/noarch/filelock-3.18.0-pyhd8ed1ab_0.conda#4547b39256e296bb758166893e909a7c
https://conda.anaconda.org/conda-forge/noarch/fsspec-2025.7.0-pyhd8ed1ab_0.conda#a31ce802cd0ebfce298f342c02757019
https://conda.anaconda.org/conda-forge/linux-64/giflib-5.2.2-hd590300_0.conda#3bf7b9fd5a7136126e0234db4b87c8b6
https://conda.anaconda.org/conda-forge/linux-64/gmp-6.3.0-hac33072_2.conda#c94a5994ef49749880a8139cf9afcbe1
https://conda.anaconda.org/conda-forge/linux-64/mpfr-4.2.1-h90cbb55_3.conda#2eeb50cab6652538eee8fc0bc3340c81
https://conda.anaconda.org/conda-forge/linux-64/mpc-1.3.1-h24ddda3_1.conda#aa14b9a5196a6d8dd364164b7ce56acf
https://conda.anaconda.org/conda-forge/linux-64/gmpy2-2.2.1-py312h7201bc8_0.conda#c539cba0be444c6cefcb853987187d9e
https://conda.anaconda.org/conda-forge/linux-64/markupsafe-3.0.2-py312h178313f_1.conda#eb227c3e0bf58f5bd69c0532b157975b
https://conda.anaconda.org/conda-forge/noarch/jinja2-3.1.6-pyhd8ed1ab_0.conda#446bd6c8cb26050d528881df495ce646
https://conda.anaconda.org/conda-forge/linux-64/libjpeg-turbo-3.1.0-hb9d3cd8_0.conda#9fa334557db9f63da6c9285fd2a48638
https://conda.anaconda.org/conda-forge/linux-64/lerc-4.0.0-h0aef613_1.conda#9344155d33912347b37f0ae6c410a835
https://conda.anaconda.org/conda-forge/linux-64/libdeflate-1.24-h86f0d12_0.conda#64f0c503da58ec25ebd359e4d990afa8
https://conda.anaconda.org/conda-forge/linux-64/libwebp-base-1.6.0-hd42ef1d_0.conda#aea31d2e5b1091feca96fcfe945c3cf9
https://conda.anaconda.org/conda-forge/linux-64/zstd-1.5.7-hb8e6e7a_2.conda#6432cb5d4ac0046c3ac0a8a0f95842f9
https://conda.anaconda.org/conda-forge/linux-64/libtiff-4.7.0-hf01ce69_5.conda#e79a094918988bb1807462cd42c83962
https://conda.anaconda.org/conda-forge/linux-64/lcms2-2.17-h717163a_0.conda#000e85703f0fd9594c81710dd5066471
https://conda.anaconda.org/conda-forge/linux-64/libabseil-20250512.1-cxx17_hba17884_0.conda#83b160d4da3e1e847bf044997621ed63
https://conda.anaconda.org/conda-forge/linux-64/rav1e-0.7.1-h8fae777_3.conda#2c42649888aac645608191ffdc80d13a
https://conda.anaconda.org/conda-forge/linux-64/svt-av1-3.0.2-h5888daf_0.conda#0096882bd623e6cc09e8bf920fc8fb47
https://conda.anaconda.org/conda-forge/linux-64/libavif16-1.3.0-h766b0b6_0.conda#f17f2d0e5c9ad6b958547fd67b155771
https://conda.anaconda.org/conda-forge/linux-64/libiconv-1.18-h4ce23a2_1.conda#e796ff8ddc598affdf7c173d6145f087
https://conda.anaconda.org/conda-forge/linux-64/libxml2-2.13.8-h2cb61b6_1.conda#42a8e4b54e322b4cd1dbfb30a8a7ce9e
https://conda.anaconda.org/conda-forge/linux-64/libhwloc-2.11.2-default_h3d81e11_1002.conda#56aacccb6356b6b6134a79cdf5688506
https://conda.anaconda.org/conda-forge/linux-64/tbb-2021.13.0-hceb3a55_1.conda#ba7726b8df7b9d34ea80e82b097a4893
https://conda.anaconda.org/conda-forge/linux-64/mkl-2024.2.2-ha770c72_17.conda#e4ab075598123e783b788b995afbdad0
https://conda.anaconda.org/conda-forge/linux-64/libblas-3.9.0-32_hfdb39a5_mkl.conda#eceb19ae9105bc4d0e8d5a321d66c426
https://conda.anaconda.org/conda-forge/linux-64/libcblas-3.9.0-32_h372d94f_mkl.conda#68b55daaf083682f58d9b7f5d52aeb37
https://conda.anaconda.org/conda-forge/linux-64/libcudss-0.6.0.5-h58dd1b1_0.conda#b347c1d8d190bbaeb8b58ccb986cdd7a
https://conda.anaconda.org/nvidia/linux-64/libcufft-11.4.1.4-0.conda#8bdfa60eb3a6cc642bab09bf1cbdcaf9
https://conda.anaconda.org/nvidia/linux-64/libcufile-1.14.1.1-4.conda#8daddcaa66bbcb878552c4bf37599ca8
https://conda.anaconda.org/nvidia/linux-64/libcurand-10.3.10.19-0.conda#21dcbdfb0482a369aab2b1e0abb6a399
https://conda.anaconda.org/nvidia/linux-64/libnvjitlink-12.9.86-0.conda#a3ea5bfb49d231a7e1b73a1dc504cbb4
https://conda.anaconda.org/nvidia/linux-64/libcusparse-12.5.10.65-0.conda#18174bcd9c9889589e77c27aa776bff1
https://conda.anaconda.org/nvidia/linux-64/libcusolver-11.7.5.82-0.conda#66fd03151aab73c09f995f59afa171b7
https://conda.anaconda.org/conda-forge/linux-64/libde265-1.0.15-h00ab1b0_0.conda#407fee7a5d7ab2dca12c9ca7f62310ad
https://conda.anaconda.org/conda-forge/linux-64/libpng-1.6.50-h421ea60_1.conda#7af8e91b0deb5f8e25d1a595dea79614
https://conda.anaconda.org/conda-forge/linux-64/libfreetype6-2.13.3-h48d6fc4_1.conda#3c255be50a506c50765a93a6644f32fe
https://conda.anaconda.org/conda-forge/linux-64/libfreetype-2.13.3-ha770c72_1.conda#51f5be229d83ecd401fb369ab96ae669
https://conda.anaconda.org/conda-forge/linux-64/x265-3.5-h924138e_3.tar.bz2#e7f6ed84d4623d52ee581325c1587a6b
https://conda.anaconda.org/conda-forge/linux-64/libheif-1.19.7-gpl_hc18d805_100.conda#1db2693fa6a50bef58da2df97c5204cb
https://conda.anaconda.org/conda-forge/linux-64/liblapack-3.9.0-32_hc41d3b0_mkl.conda#6dc827963c12f90c79f5b2be4eaea072
https://conda.anaconda.org/conda-forge/linux-64/libmagma-2.9.0-h9918c94_2.conda#1271532895d1f829fa0edbde3bb46a68
https://conda.anaconda.org/nvidia/linux-64/libnvjpeg-12.4.0.76-0.conda#6ccadcc5dd5743b69b127fb9f7f1f6a0
https://conda.anaconda.org/conda-forge/linux-64/libprotobuf-6.31.1-h9ef548d_1.conda#b92e2a26764fcadb4304add7e698ccf2
https://conda.anaconda.org/conda-forge/linux-64/libuv-1.51.0-hb03c661_1.conda#0f03292cc56bf91a077a134ea8747118
https://conda.anaconda.org/conda-forge/linux-64/nccl-2.27.7.1-h49b9d9a_0.conda#21f3530f2585b0f8faca937b09ec014a
https://conda.anaconda.org/conda-forge/linux-64/sleef-3.8-h1b44611_0.conda#aec4dba5d4c2924730088753f6fa164b
https://conda.anaconda.org/conda-forge/linux-64/libtorch-2.7.1-cuda129_mkl_h9562ed8_304.conda#11c951b0af1cd0c1d7ba2625d81a439a
https://conda.anaconda.org/conda-forge/linux-64/pthread-stubs-0.4-hb9d3cd8_1002.conda#b3c17d95b5a10c6e64a21fa17573e70e
https://conda.anaconda.org/conda-forge/linux-64/xorg-libxau-1.0.12-hb9d3cd8_0.conda#f6ebe2cb3f82ba6c057dde5d9debe4f7
https://conda.anaconda.org/conda-forge/linux-64/xorg-libxdmcp-1.1.5-hb9d3cd8_0.conda#8035c64cb77ed555e3f150b7b3972480
https://conda.anaconda.org/conda-forge/linux-64/libxcb-1.17.0-h8a09558_0.conda#92ed62436b625154323d40d5f2f11dd7
https://conda.anaconda.org/conda-forge/noarch/mpmath-1.3.0-pyhd8ed1ab_1.conda#3585aa87c43ab15b167b574cd73b057b
https://conda.anaconda.org/conda-forge/noarch/networkx-3.5-pyhe01879c_0.conda#16bff3d37a4f99e3aa089c36c2b8d650
https://conda.anaconda.org/conda-forge/linux-64/numpy-2.3.2-py312h33ff503_0.conda#3f6efbc40eb13f019c856c410fa921d2
https://conda.anaconda.org/conda-forge/linux-64/openjpeg-2.5.3-h55fea9a_1.conda#01243c4aaf71bde0297966125aea4706
https://conda.anaconda.org/conda-forge/noarch/typing_extensions-4.14.1-pyhe01879c_0.conda#e523f4f1e980ed7a4240d7e27e9ec81f
https://conda.anaconda.org/conda-forge/noarch/typing-extensions-4.14.1-h4440ef1_0.conda#75be1a943e0a7f99fcf118309092c635
https://conda.anaconda.org/conda-forge/linux-64/optree-0.17.0-py312hd9148b4_0.conda#9e4881c215bff288c23f1f17cc775f6c
https://conda.anaconda.org/conda-forge/linux-64/pillow-11.3.0-py312h80c1187_0.conda#7911e727a6c24db662193a960b81b6b2
https://conda.anaconda.org/conda-forge/noarch/setuptools-80.9.0-pyhff2d567_0.conda#4de79c071274a53dcaf2a8c749d1499e
https://conda.anaconda.org/conda-forge/noarch/wheel-0.45.1-pyhd8ed1ab_1.conda#75cb7132eb58d97896e173ef12ac9986
https://conda.anaconda.org/conda-forge/noarch/pip-25.2-pyh8b19718_0.conda#dfce4b2af4bfe90cdcaf56ca0b28ddf5
https://conda.anaconda.org/conda-forge/noarch/pybind11-global-3.0.0-pyhf748d72_1.conda#5da3d3a7c804a3cd719448b81dd3dcb5
https://conda.anaconda.org/conda-forge/noarch/pybind11-3.0.0-pyh9380348_1.conda#309c97c5918389f181cc7d9c29e2a6e5
https://conda.anaconda.org/conda-forge/noarch/sympy-1.14.0-pyh2585a3b_105.conda#8c09fac3785696e1c477156192d64b91
https://conda.anaconda.org/conda-forge/linux-64/triton-3.3.1-cuda129py312h811769c_2.conda#467e5c72b0f89e790ef211315c13effd
https://conda.anaconda.org/conda-forge/linux-64/pytorch-2.7.1-cuda129_mkl_py312_hfde4d7d_304.conda#ce63f3f5e1db06997167ad663d350919
https://conda.anaconda.org/conda-forge/linux-64/torchvision-extra-decoders-0.0.2-py312hd1393df_3.conda#c53a3207224442378579fe6f15b3f59f
https://conda.anaconda.org/conda-forge/linux-64/torchvision-0.22.0-cuda_py312_h592d7cb_2.conda#25e04e344683379def8581dc0cbd2e3e
